<?xml version="1.0" encoding="utf-8"?>
<Project ToolsVersion="4.0" xmlns="http://schemas.microsoft.com/developer/msbuild/2003">
  <ItemGroup>
    <Filter Include="ソース ファイル">
      <UniqueIdentifier>{4FC737F1-C7A5-4376-A066-2A32D752A2FF}</UniqueIdentifier>
      <Extensions>cpp;c;cc;cxx;c++;cppm;ixx;def;odl;idl;hpj;bat;asm;asmx</Extensions>
    </Filter>
    <Filter Include="ヘッダー ファイル">
      <UniqueIdentifier>{93995380-89BD-4b04-88EB-625FBE52EBFB}</UniqueIdentifier>
      <Extensions>h;hh;hpp;hxx;h++;hm;inl;inc;ipp;xsd</Extensions>
    </Filter>
    <Filter Include="リソース ファイル">
      <UniqueIdentifier>{67DA6AB6-F800-4c08-8B7A-83BB121AAD01}</UniqueIdentifier>
      <Extensions>rc;ico;cur;bmp;dlg;rc2;rct;bin;rgs;gif;jpg;jpeg;jpe;resx;tiff;tif;png;wav;mfcribbon-ms</Extensions>
    </Filter>
    <Filter Include="ソース ファイル\ECS">
      <UniqueIdentifier>{00ee814f-7fc3-484c-a4bf-f32640256e5c}</UniqueIdentifier>
    </Filter>
    <Filter Include="ソース ファイル\Components">
      <UniqueIdentifier>{d3328a9e-34f8-41ac-89ee-206355a077db}</UniqueIdentifier>
    </Filter>
    <Filter Include="ソース ファイル\Systems">
      <UniqueIdentifier>{0e77c9bb-ddd1-4625-8214-d7628fb03881}</UniqueIdentifier>
    </Filter>
    <Filter Include="ソース ファイル\Resource">
      <UniqueIdentifier>{e81201cf-a340-45f6-91bb-c75a537c5db7}</UniqueIdentifier>
    </Filter>
    <Filter Include="ソース ファイル\imGUI">
      <UniqueIdentifier>{bc86514c-dbf6-4c05-b366-a6988b4f0d1f}</UniqueIdentifier>
    </Filter>
    <Filter Include="ソース ファイル\Systems\GUI">
      <UniqueIdentifier>{05262074-102d-4877-a4bd-5826d66853e1}</UniqueIdentifier>
    </Filter>
  </ItemGroup>
  <ItemGroup>
    <ClInclude Include="Component.h">
      <Filter>ソース ファイル\ECS</Filter>
    </ClInclude>
    <ClInclude Include="ComponentManager.h">
      <Filter>ソース ファイル\ECS</Filter>
    </ClInclude>
    <ClInclude Include="ECS_def.h">
      <Filter>ソース ファイル\ECS</Filter>
    </ClInclude>
    <ClInclude Include="Entity.h">
      <Filter>ソース ファイル\ECS</Filter>
    </ClInclude>
    <ClInclude Include="EntityManager.h">
      <Filter>ソース ファイル\ECS</Filter>
    </ClInclude>
    <ClInclude Include="EntityMap.h">
      <Filter>ソース ファイル\ECS</Filter>
    </ClInclude>
    <ClInclude Include="IdGenerator.h">
      <Filter>ソース ファイル\ECS</Filter>
    </ClInclude>
    <ClInclude Include="System.h">
      <Filter>ソース ファイル\ECS</Filter>
    </ClInclude>
    <ClInclude Include="Scene.h">
      <Filter>ソース ファイル\ECS</Filter>
    </ClInclude>
    <ClInclude Include="stb_image.h">
      <Filter>ヘッダー ファイル</Filter>
    </ClInclude>
    <ClInclude Include="TransformComponent.h">
      <Filter>ソース ファイル\Components</Filter>
    </ClInclude>
    <ClInclude Include="ResourceManager.h">
      <Filter>ソース ファイル\Resource</Filter>
    </ClInclude>
    <ClInclude Include="Shader.h">
      <Filter>ソース ファイル\Resource</Filter>
    </ClInclude>
    <ClInclude Include="Texture2D.h">
      <Filter>ソース ファイル\Resource</Filter>
    </ClInclude>
    <ClInclude Include="MeshComponent.h">
      <Filter>ソース ファイル\Components</Filter>
    </ClInclude>
    <ClInclude Include="Mesh.h">
      <Filter>ソース ファイル\Resource</Filter>
    </ClInclude>
    <ClInclude Include="EventHandler.h">
      <Filter>ソース ファイル\ECS</Filter>
    </ClInclude>
    <ClInclude Include="Window.h">
      <Filter>ソース ファイル</Filter>
    </ClInclude>
    <ClInclude Include="MaterialComponent.h">
      <Filter>ソース ファイル\Components</Filter>
    </ClInclude>
    <ClInclude Include="Renderer.h">
      <Filter>ソース ファイル\Systems</Filter>
    </ClInclude>
    <ClInclude Include="CameraSystem.h">
      <Filter>ソース ファイル\Systems</Filter>
    </ClInclude>
    <ClInclude Include="CameraComponent.h">
      <Filter>ソース ファイル\Components</Filter>
    </ClInclude>
    <ClInclude Include="IBL.h">
      <Filter>ソース ファイル\Systems</Filter>
    </ClInclude>
    <ClInclude Include="imgui\imconfig.h">
      <Filter>ソース ファイル\imGUI</Filter>
    </ClInclude>
    <ClInclude Include="imgui\imgui.h">
      <Filter>ソース ファイル\imGUI</Filter>
    </ClInclude>
    <ClInclude Include="imgui\imgui_impl_glfw.h">
      <Filter>ソース ファイル\imGUI</Filter>
    </ClInclude>
    <ClInclude Include="imgui\imgui_impl_opengl3.h">
      <Filter>ソース ファイル\imGUI</Filter>
    </ClInclude>
    <ClInclude Include="imgui\imgui_impl_opengl3_loader.h">
      <Filter>ソース ファイル\imGUI</Filter>
    </ClInclude>
    <ClInclude Include="imgui\imgui_internal.h">
      <Filter>ソース ファイル\imGUI</Filter>
    </ClInclude>
    <ClInclude Include="imgui\imstb_rectpack.h">
      <Filter>ソース ファイル\imGUI</Filter>
    </ClInclude>
    <ClInclude Include="imgui\imstb_textedit.h">
      <Filter>ソース ファイル\imGUI</Filter>
    </ClInclude>
    <ClInclude Include="imgui\imstb_truetype.h">
      <Filter>ソース ファイル\imGUI</Filter>
    </ClInclude>
    <ClInclude Include="MotionComponent.h">
      <Filter>ソース ファイル\Components</Filter>
    </ClInclude>
    <ClInclude Include="MotionSystem.h">
      <Filter>ソース ファイル\Systems</Filter>
    </ClInclude>
    <ClInclude Include="CubaMap.h">
      <Filter>ソース ファイル\Resource</Filter>
    </ClInclude>
    <ClInclude Include="GUIComponent.h">
      <Filter>ソース ファイル\Components</Filter>
    </ClInclude>
    <ClInclude Include="GUI.h">
      <Filter>ソース ファイル\Systems\GUI</Filter>
    </ClInclude>
    <ClInclude Include="ComponentGUIs.h">
      <Filter>ソース ファイル\Systems\GUI</Filter>
    </ClInclude>
  </ItemGroup>
  <ItemGroup>
    <ClCompile Include="main.cpp">
      <Filter>ソース ファイル</Filter>
    </ClCompile>
    <ClCompile Include="glad.c">
      <Filter>ソース ファイル</Filter>
    </ClCompile>
    <ClCompile Include="Shader.cpp">
      <Filter>ソース ファイル\Resource</Filter>
    </ClCompile>
    <ClCompile Include="ResourceManager.cpp">
      <Filter>ソース ファイル\Resource</Filter>
    </ClCompile>
    <ClCompile Include="Texture2D.cpp">
      <Filter>ソース ファイル\Resource</Filter>
    </ClCompile>
    <ClCompile Include="Window.cpp">
      <Filter>ソース ファイル</Filter>
    </ClCompile>
    <ClCompile Include="Renderer.cpp">
      <Filter>ソース ファイル\Systems</Filter>
    </ClCompile>
    <ClCompile Include="CameraSystem.cpp">
      <Filter>ソース ファイル\Systems</Filter>
    </ClCompile>
    <ClCompile Include="IBL.cpp">
      <Filter>ソース ファイル\Systems</Filter>
    </ClCompile>
    <ClCompile Include="imgui\imgui.cpp">
      <Filter>ソース ファイル\imGUI</Filter>
    </ClCompile>
    <ClCompile Include="imgui\imgui_demo.cpp">
      <Filter>ソース ファイル\imGUI</Filter>
    </ClCompile>
    <ClCompile Include="imgui\imgui_draw.cpp">
      <Filter>ソース ファイル\imGUI</Filter>
    </ClCompile>
    <ClCompile Include="imgui\imgui_impl_glfw.cpp">
      <Filter>ソース ファイル\imGUI</Filter>
    </ClCompile>
    <ClCompile Include="imgui\imgui_impl_opengl3.cpp">
      <Filter>ソース ファイル\imGUI</Filter>
    </ClCompile>
    <ClCompile Include="imgui\imgui_tables.cpp">
      <Filter>ソース ファイル\imGUI</Filter>
    </ClCompile>
    <ClCompile Include="imgui\imgui_widgets.cpp">
      <Filter>ソース ファイル\imGUI</Filter>
    </ClCompile>
    <ClCompile Include="MotionSystem.cpp">
      <Filter>ソース ファイル\Systems</Filter>
    </ClCompile>
    <ClCompile Include="CubaMap.cpp">
      <Filter>ソース ファイル\Resource</Filter>
    </ClCompile>
    <ClCompile Include="GUI.cpp">
      <Filter>ソース ファイル\Systems\GUI</Filter>
    </ClCompile>
  </ItemGroup>
  <ItemGroup>
    <None Include="resources\shaders\Phong.frag">
      <Filter>リソース ファイル</Filter>
    </None>
    <None Include="resources\shaders\Simple.vert">
      <Filter>リソース ファイル</Filter>
    </None>
    <None Include="resources\shaders\PBR_nonTexture.frag">
      <Filter>リソース ファイル</Filter>
    </None>
    <None Include="resources\shaders\background.frag">
      <Filter>リソース ファイル</Filter>
    </None>
    <None Include="resources\shaders\background.vert">
      <Filter>リソース ファイル</Filter>
    </None>
    <None Include="resources\shaders\cubemap.vert">
      <Filter>リソース ファイル</Filter>
    </None>
    <None Include="resources\shaders\equirectangular_to_cubemap.frag">
      <Filter>リソース ファイル</Filter>
    </None>
    <None Include="resources\shaders\irradiance_convolution.frag">
      <Filter>リソース ファイル</Filter>
    </None>
    <None Include="resources\shaders\brdf.frag">
      <Filter>リソース ファイル</Filter>
    </None>
    <None Include="resources\shaders\brdf.vert">
      <Filter>リソース ファイル</Filter>
    </None>
    <None Include="resources\shaders\prefilter.frag">
      <Filter>リソース ファイル</Filter>
    </None>
  </ItemGroup>
</Project>